
Microsoft Visual Studio Solution File, Format Version 12.00
# Visual Studio Version 17
VisualStudioVersion = 17.0.31919.166
MinimumVisualStudioVersion = 10.0.40219.1
Project("{FAE04EC0-301F-11D3-BF4B-00C04F79EFBC}") = "2DForceAnalysis", "2DForceAnalysis\2DForceAnalysis.csproj", "{9D8AC2D7-BEC1-4FE1-AE2A-E2916AAB597F}"
EndProject
Global
	GlobalSection(SolutionConfigurationPlatforms) = preSolution
		Debug|Any CPU = Debug|Any CPU
		Release|Any CPU = Release|Any CPU
	EndGlobalSection
	GlobalSection(ProjectConfigurationPlatforms) = postSolution
		{9D8AC2D7-BEC1-4FE1-AE2A-E2916AAB597F}.Debug|Any CPU.ActiveCfg = Debug|Any CPU
		{9D8AC2D7-BEC1-4FE1-AE2A-E2916AAB597F}.Debug|Any CPU.Build.0 = Debug|Any CPU
		{9D8AC2D7-BEC1-4FE1-AE2A-E2916AAB597F}.Release|Any CPU.ActiveCfg = Release|Any CPU
		{9D8AC2D7-BEC1-4FE1-AE2A-E2916AAB597F}.Release|Any CPU.Build.0 = Release|Any CPU
	EndGlobalSection
	GlobalSection(SolutionProperties) = preSolution
		HideSolutionNode = FALSE
	EndGlobalSection
	GlobalSection(ExtensibilityGlobals) = postSolution
		SolutionGuid = {E369D7D8-36A1-4F1D-B6E5-BD2955D4C797}
	EndGlobalSection
EndGlobal
